
Microsoft Visual Studio Solution File, Format Version 12.00
# Visual Studio 14
VisualStudioVersion = 14.0.25420.1
MinimumVisualStudioVersion = 10.0.40219.1
Project("{FC65038C-1B2F-41E1-A629-BED71D161FFF}") = "Fleet Management Migrated (ISV) [Fleet Management]", "Fleet Management Migrated\Fleet Management Migrated.rnrproj", "{844B529B-C388-4A40-B763-4C8B93D0FE6F}"
EndProject
Project("{FC65038C-1B2F-41E1-A629-BED71D161FFF}") = "Fleet Management Extension (ISV) [Fleet Management Extension]", "Fleet Management Extension\Fleet Management Extension.rnrproj", "{85454A3D-7E14-43D0-9065-FEE3FF0C75D0}"
	ProjectSection(ProjectDependencies) = postProject
		{844B529B-C388-4A40-B763-4C8B93D0FE6F} = {844B529B-C388-4A40-B763-4C8B93D0FE6F}
	EndProjectSection
EndProject
Project("{FAE04EC0-301F-11D3-BF4B-00C04F79EFBC}") = "DriversLicenseEvaluator", "DriversLicenseEvaluator\DriversLicenseEvaluator.csproj", "{24146A22-3A41-4996-9786-D89473B51886}"
EndProject
Global
	GlobalSection(SolutionConfigurationPlatforms) = preSolution
		Debug|Any CPU = Debug|Any CPU
		Release|Any CPU = Release|Any CPU
	EndGlobalSection
	GlobalSection(ProjectConfigurationPlatforms) = postSolution
		{844B529B-C388-4A40-B763-4C8B93D0FE6F}.Debug|Any CPU.ActiveCfg = Debug|Any CPU
		{844B529B-C388-4A40-B763-4C8B93D0FE6F}.Debug|Any CPU.Build.0 = Debug|Any CPU
		{844B529B-C388-4A40-B763-4C8B93D0FE6F}.Release|Any CPU.ActiveCfg = Debug|Any CPU
		{844B529B-C388-4A40-B763-4C8B93D0FE6F}.Release|Any CPU.Build.0 = Debug|Any CPU
		{85454A3D-7E14-43D0-9065-FEE3FF0C75D0}.Debug|Any CPU.ActiveCfg = Debug|Any CPU
		{85454A3D-7E14-43D0-9065-FEE3FF0C75D0}.Debug|Any CPU.Build.0 = Debug|Any CPU
		{85454A3D-7E14-43D0-9065-FEE3FF0C75D0}.Release|Any CPU.ActiveCfg = Debug|Any CPU
		{85454A3D-7E14-43D0-9065-FEE3FF0C75D0}.Release|Any CPU.Build.0 = Debug|Any CPU
		{24146A22-3A41-4996-9786-D89473B51886}.Debug|Any CPU.ActiveCfg = Debug|Any CPU
		{24146A22-3A41-4996-9786-D89473B51886}.Debug|Any CPU.Build.0 = Debug|Any CPU
		{24146A22-3A41-4996-9786-D89473B51886}.Release|Any CPU.ActiveCfg = Release|Any CPU
		{24146A22-3A41-4996-9786-D89473B51886}.Release|Any CPU.Build.0 = Release|Any CPU
	EndGlobalSection
	GlobalSection(SolutionProperties) = preSolution
		HideSolutionNode = FALSE
	EndGlobalSection
EndGlobal
